
Microsoft Visual Studio Solution File, Format Version 12.00
# Visual Studio Version 17
VisualStudioVersion = 17.8.34309.116
MinimumVisualStudioVersion = 10.0.40219.1
Project("{9A19103F-16F7-4668-BE54-9A1E7A4F7556}") = "CarShopAPI", "CarShopAPI\CarShopAPI.csproj", "{7EE56776-F6B6-4441-9053-BC1AE42C3577}"
EndProject
Project("{9A19103F-16F7-4668-BE54-9A1E7A4F7556}") = "Entites", "Entites\Entites.csproj", "{07500D4F-AAA7-4C24-A66B-72CFFFF422FB}"
EndProject
Project("{FAE04EC0-301F-11D3-BF4B-00C04F79EFBC}") = "CarShopApi.Tests", "CarShopApi.Tests\CarShopApi.Tests.csproj", "{F3DA6C54-7196-414F-A826-D098867FD20A}"
EndProject
Global
	GlobalSection(SolutionConfigurationPlatforms) = preSolution
		Debug|Any CPU = Debug|Any CPU
		Release|Any CPU = Release|Any CPU
	EndGlobalSection
	GlobalSection(ProjectConfigurationPlatforms) = postSolution
		{7EE56776-F6B6-4441-9053-BC1AE42C3577}.Debug|Any CPU.ActiveCfg = Debug|Any CPU
		{7EE56776-F6B6-4441-9053-BC1AE42C3577}.Debug|Any CPU.Build.0 = Debug|Any CPU
		{7EE56776-F6B6-4441-9053-BC1AE42C3577}.Release|Any CPU.ActiveCfg = Release|Any CPU
		{7EE56776-F6B6-4441-9053-BC1AE42C3577}.Release|Any CPU.Build.0 = Release|Any CPU
		{07500D4F-AAA7-4C24-A66B-72CFFFF422FB}.Debug|Any CPU.ActiveCfg = Debug|Any CPU
		{07500D4F-AAA7-4C24-A66B-72CFFFF422FB}.Debug|Any CPU.Build.0 = Debug|Any CPU
		{07500D4F-AAA7-4C24-A66B-72CFFFF422FB}.Release|Any CPU.ActiveCfg = Release|Any CPU
		{07500D4F-AAA7-4C24-A66B-72CFFFF422FB}.Release|Any CPU.Build.0 = Release|Any CPU
		{F3DA6C54-7196-414F-A826-D098867FD20A}.Debug|Any CPU.ActiveCfg = Debug|Any CPU
		{F3DA6C54-7196-414F-A826-D098867FD20A}.Debug|Any CPU.Build.0 = Debug|Any CPU
		{F3DA6C54-7196-414F-A826-D098867FD20A}.Release|Any CPU.ActiveCfg = Release|Any CPU
		{F3DA6C54-7196-414F-A826-D098867FD20A}.Release|Any CPU.Build.0 = Release|Any CPU
	EndGlobalSection
	GlobalSection(SolutionProperties) = preSolution
		HideSolutionNode = FALSE
	EndGlobalSection
	GlobalSection(ExtensibilityGlobals) = postSolution
		SolutionGuid = {C11103F7-4E84-43D9-8CAB-DE4D38397F6C}
	EndGlobalSection
EndGlobal
